
Microsoft Visual Studio Solution File, Format Version 12.00
# Visual Studio Version 17
VisualStudioVersion = 17.0.31903.59
MinimumVisualStudioVersion = 10.0.40219.1
Project("{9A19103F-16F7-4668-BE54-9A1E7A4F7556}") = "Pollus.ECS", "src\Pollus.ECS\Pollus.ECS.csproj", "{7E166281-E46A-40D2-92F4-51176FEB8E62}"
EndProject
Project("{9A19103F-16F7-4668-BE54-9A1E7A4F7556}") = "Pollus.Engine", "src\Pollus.Engine\Pollus.Engine.csproj", "{A5E500AF-6775-46FA-9F92-40F664EC811D}"
EndProject
Project("{9A19103F-16F7-4668-BE54-9A1E7A4F7556}") = "Pollus.Graphics", "src\Pollus.Graphics\Pollus.Graphics.csproj", "{3FFEFC11-8A47-47AA-9ADE-801ADE5C0C71}"
EndProject
Project("{9A19103F-16F7-4668-BE54-9A1E7A4F7556}") = "Pollus.Audio", "src\Pollus.Audio\Pollus.Audio.csproj", "{55AB6FC2-775B-439F-8F16-54B09599093A}"
EndProject
Project("{9A19103F-16F7-4668-BE54-9A1E7A4F7556}") = "Pollus.Tests", "src\Pollus.Tests\Pollus.Tests.csproj", "{AAD422FA-9A14-409C-BAE1-6F22218CA498}"
EndProject
Project("{9A19103F-16F7-4668-BE54-9A1E7A4F7556}") = "Pollus.Benchmark", "src\Pollus.Benchmark\Pollus.Benchmark.csproj", "{82E12CD7-63CB-43CA-8543-FF811F9102CB}"
EndProject
Project("{9A19103F-16F7-4668-BE54-9A1E7A4F7556}") = "Pollus.ECS.Generators", "src\Pollus.ECS.Generators\Pollus.ECS.Generators.csproj", "{6619B42E-7960-4824-ABCB-D5D6B0DE2419}"
EndProject
Project("{9A19103F-16F7-4668-BE54-9A1E7A4F7556}") = "Pollus.Core", "src\Pollus.Core\Pollus.Core.csproj", "{9587B12D-B500-46B7-918C-1CA6D12744C5}"
EndProject
Project("{9A19103F-16F7-4668-BE54-9A1E7A4F7556}") = "Pollus.Emscripten", "src\Pollus.Emscripten\Pollus.Emscripten.csproj", "{CDD05177-C67A-4731-A952-2A3301A8FB59}"
EndProject
Project("{9A19103F-16F7-4668-BE54-9A1E7A4F7556}") = "Pollus.Examples", "examples\Pollus.Examples.csproj", "{A5EBB9F5-327C-49A4-BBB9-805D87DA0463}"
EndProject
Project("{2150E333-8FDC-42A3-9474-1A3956D46DE8}") = "src", "src", "{0855686E-7B95-45D5-977B-3255DB48B90A}"
EndProject
Project("{FAE04EC0-301F-11D3-BF4B-00C04F79EFBC}") = "Pollus.Generators", "src\Pollus.Generators\Pollus.Generators.csproj", "{274CDF4D-F3B4-497B-AE41-B0C06DBE0CD0}"
EndProject
Project("{FAE04EC0-301F-11D3-BF4B-00C04F79EFBC}") = "Pollus.Emscripten.WGPUGenerator", "src\Pollus.Emscripten.WGPUGenerator\Pollus.Emscripten.WGPUGenerator.csproj", "{68520CC3-0CCB-45A7-9289-251B2D13C1FE}"
EndProject
Global
	GlobalSection(SolutionConfigurationPlatforms) = preSolution
		Debug|Any CPU = Debug|Any CPU
		Debug|x64 = Debug|x64
		Debug|x86 = Debug|x86
		Release|Any CPU = Release|Any CPU
		Release|x64 = Release|x64
		Release|x86 = Release|x86
	EndGlobalSection
	GlobalSection(ProjectConfigurationPlatforms) = postSolution
		{7E166281-E46A-40D2-92F4-51176FEB8E62}.Debug|Any CPU.ActiveCfg = Debug|Any CPU
		{7E166281-E46A-40D2-92F4-51176FEB8E62}.Debug|Any CPU.Build.0 = Debug|Any CPU
		{7E166281-E46A-40D2-92F4-51176FEB8E62}.Debug|x64.ActiveCfg = Debug|Any CPU
		{7E166281-E46A-40D2-92F4-51176FEB8E62}.Debug|x64.Build.0 = Debug|Any CPU
		{7E166281-E46A-40D2-92F4-51176FEB8E62}.Debug|x86.ActiveCfg = Debug|Any CPU
		{7E166281-E46A-40D2-92F4-51176FEB8E62}.Debug|x86.Build.0 = Debug|Any CPU
		{7E166281-E46A-40D2-92F4-51176FEB8E62}.Release|Any CPU.ActiveCfg = Release|Any CPU
		{7E166281-E46A-40D2-92F4-51176FEB8E62}.Release|Any CPU.Build.0 = Release|Any CPU
		{7E166281-E46A-40D2-92F4-51176FEB8E62}.Release|x64.ActiveCfg = Release|Any CPU
		{7E166281-E46A-40D2-92F4-51176FEB8E62}.Release|x64.Build.0 = Release|Any CPU
		{7E166281-E46A-40D2-92F4-51176FEB8E62}.Release|x86.ActiveCfg = Release|Any CPU
		{7E166281-E46A-40D2-92F4-51176FEB8E62}.Release|x86.Build.0 = Release|Any CPU
		{A5E500AF-6775-46FA-9F92-40F664EC811D}.Debug|Any CPU.ActiveCfg = Debug|Any CPU
		{A5E500AF-6775-46FA-9F92-40F664EC811D}.Debug|Any CPU.Build.0 = Debug|Any CPU
		{A5E500AF-6775-46FA-9F92-40F664EC811D}.Debug|x64.ActiveCfg = Debug|Any CPU
		{A5E500AF-6775-46FA-9F92-40F664EC811D}.Debug|x64.Build.0 = Debug|Any CPU
		{A5E500AF-6775-46FA-9F92-40F664EC811D}.Debug|x86.ActiveCfg = Debug|Any CPU
		{A5E500AF-6775-46FA-9F92-40F664EC811D}.Debug|x86.Build.0 = Debug|Any CPU
		{A5E500AF-6775-46FA-9F92-40F664EC811D}.Release|Any CPU.ActiveCfg = Release|Any CPU
		{A5E500AF-6775-46FA-9F92-40F664EC811D}.Release|Any CPU.Build.0 = Release|Any CPU
		{A5E500AF-6775-46FA-9F92-40F664EC811D}.Release|x64.ActiveCfg = Release|Any CPU
		{A5E500AF-6775-46FA-9F92-40F664EC811D}.Release|x64.Build.0 = Release|Any CPU
		{A5E500AF-6775-46FA-9F92-40F664EC811D}.Release|x86.ActiveCfg = Release|Any CPU
		{A5E500AF-6775-46FA-9F92-40F664EC811D}.Release|x86.Build.0 = Release|Any CPU
		{3FFEFC11-8A47-47AA-9ADE-801ADE5C0C71}.Debug|Any CPU.ActiveCfg = Debug|Any CPU
		{3FFEFC11-8A47-47AA-9ADE-801ADE5C0C71}.Debug|Any CPU.Build.0 = Debug|Any CPU
		{3FFEFC11-8A47-47AA-9ADE-801ADE5C0C71}.Debug|x64.ActiveCfg = Debug|Any CPU
		{3FFEFC11-8A47-47AA-9ADE-801ADE5C0C71}.Debug|x64.Build.0 = Debug|Any CPU
		{3FFEFC11-8A47-47AA-9ADE-801ADE5C0C71}.Debug|x86.ActiveCfg = Debug|Any CPU
		{3FFEFC11-8A47-47AA-9ADE-801ADE5C0C71}.Debug|x86.Build.0 = Debug|Any CPU
		{3FFEFC11-8A47-47AA-9ADE-801ADE5C0C71}.Release|Any CPU.ActiveCfg = Release|Any CPU
		{3FFEFC11-8A47-47AA-9ADE-801ADE5C0C71}.Release|Any CPU.Build.0 = Release|Any CPU
		{3FFEFC11-8A47-47AA-9ADE-801ADE5C0C71}.Release|x64.ActiveCfg = Release|Any CPU
		{3FFEFC11-8A47-47AA-9ADE-801ADE5C0C71}.Release|x64.Build.0 = Release|Any CPU
		{3FFEFC11-8A47-47AA-9ADE-801ADE5C0C71}.Release|x86.ActiveCfg = Release|Any CPU
		{3FFEFC11-8A47-47AA-9ADE-801ADE5C0C71}.Release|x86.Build.0 = Release|Any CPU
		{55AB6FC2-775B-439F-8F16-54B09599093A}.Debug|Any CPU.ActiveCfg = Debug|Any CPU
		{55AB6FC2-775B-439F-8F16-54B09599093A}.Debug|Any CPU.Build.0 = Debug|Any CPU
		{55AB6FC2-775B-439F-8F16-54B09599093A}.Debug|x64.ActiveCfg = Debug|Any CPU
		{55AB6FC2-775B-439F-8F16-54B09599093A}.Debug|x64.Build.0 = Debug|Any CPU
		{55AB6FC2-775B-439F-8F16-54B09599093A}.Debug|x86.ActiveCfg = Debug|Any CPU
		{55AB6FC2-775B-439F-8F16-54B09599093A}.Debug|x86.Build.0 = Debug|Any CPU
		{55AB6FC2-775B-439F-8F16-54B09599093A}.Release|Any CPU.ActiveCfg = Release|Any CPU
		{55AB6FC2-775B-439F-8F16-54B09599093A}.Release|Any CPU.Build.0 = Release|Any CPU
		{55AB6FC2-775B-439F-8F16-54B09599093A}.Release|x64.ActiveCfg = Release|Any CPU
		{55AB6FC2-775B-439F-8F16-54B09599093A}.Release|x64.Build.0 = Release|Any CPU
		{55AB6FC2-775B-439F-8F16-54B09599093A}.Release|x86.ActiveCfg = Release|Any CPU
		{55AB6FC2-775B-439F-8F16-54B09599093A}.Release|x86.Build.0 = Release|Any CPU
		{AAD422FA-9A14-409C-BAE1-6F22218CA498}.Debug|Any CPU.ActiveCfg = Debug|Any CPU
		{AAD422FA-9A14-409C-BAE1-6F22218CA498}.Debug|Any CPU.Build.0 = Debug|Any CPU
		{AAD422FA-9A14-409C-BAE1-6F22218CA498}.Debug|x64.ActiveCfg = Debug|Any CPU
		{AAD422FA-9A14-409C-BAE1-6F22218CA498}.Debug|x64.Build.0 = Debug|Any CPU
		{AAD422FA-9A14-409C-BAE1-6F22218CA498}.Debug|x86.ActiveCfg = Debug|Any CPU
		{AAD422FA-9A14-409C-BAE1-6F22218CA498}.Debug|x86.Build.0 = Debug|Any CPU
		{AAD422FA-9A14-409C-BAE1-6F22218CA498}.Release|Any CPU.ActiveCfg = Release|Any CPU
		{AAD422FA-9A14-409C-BAE1-6F22218CA498}.Release|Any CPU.Build.0 = Release|Any CPU
		{AAD422FA-9A14-409C-BAE1-6F22218CA498}.Release|x64.ActiveCfg = Release|Any CPU
		{AAD422FA-9A14-409C-BAE1-6F22218CA498}.Release|x64.Build.0 = Release|Any CPU
		{AAD422FA-9A14-409C-BAE1-6F22218CA498}.Release|x86.ActiveCfg = Release|Any CPU
		{AAD422FA-9A14-409C-BAE1-6F22218CA498}.Release|x86.Build.0 = Release|Any CPU
		{82E12CD7-63CB-43CA-8543-FF811F9102CB}.Debug|Any CPU.ActiveCfg = Debug|Any CPU
		{82E12CD7-63CB-43CA-8543-FF811F9102CB}.Debug|Any CPU.Build.0 = Debug|Any CPU
		{82E12CD7-63CB-43CA-8543-FF811F9102CB}.Debug|x64.ActiveCfg = Debug|Any CPU
		{82E12CD7-63CB-43CA-8543-FF811F9102CB}.Debug|x64.Build.0 = Debug|Any CPU
		{82E12CD7-63CB-43CA-8543-FF811F9102CB}.Debug|x86.ActiveCfg = Debug|Any CPU
		{82E12CD7-63CB-43CA-8543-FF811F9102CB}.Debug|x86.Build.0 = Debug|Any CPU
		{82E12CD7-63CB-43CA-8543-FF811F9102CB}.Release|Any CPU.ActiveCfg = Release|Any CPU
		{82E12CD7-63CB-43CA-8543-FF811F9102CB}.Release|Any CPU.Build.0 = Release|Any CPU
		{82E12CD7-63CB-43CA-8543-FF811F9102CB}.Release|x64.ActiveCfg = Release|Any CPU
		{82E12CD7-63CB-43CA-8543-FF811F9102CB}.Release|x64.Build.0 = Release|Any CPU
		{82E12CD7-63CB-43CA-8543-FF811F9102CB}.Release|x86.ActiveCfg = Release|Any CPU
		{82E12CD7-63CB-43CA-8543-FF811F9102CB}.Release|x86.Build.0 = Release|Any CPU
		{6619B42E-7960-4824-ABCB-D5D6B0DE2419}.Debug|Any CPU.ActiveCfg = Debug|Any CPU
		{6619B42E-7960-4824-ABCB-D5D6B0DE2419}.Debug|Any CPU.Build.0 = Debug|Any CPU
		{6619B42E-7960-4824-ABCB-D5D6B0DE2419}.Debug|x64.ActiveCfg = Debug|Any CPU
		{6619B42E-7960-4824-ABCB-D5D6B0DE2419}.Debug|x64.Build.0 = Debug|Any CPU
		{6619B42E-7960-4824-ABCB-D5D6B0DE2419}.Debug|x86.ActiveCfg = Debug|Any CPU
		{6619B42E-7960-4824-ABCB-D5D6B0DE2419}.Debug|x86.Build.0 = Debug|Any CPU
		{6619B42E-7960-4824-ABCB-D5D6B0DE2419}.Release|Any CPU.ActiveCfg = Release|Any CPU
		{6619B42E-7960-4824-ABCB-D5D6B0DE2419}.Release|Any CPU.Build.0 = Release|Any CPU
		{6619B42E-7960-4824-ABCB-D5D6B0DE2419}.Release|x64.ActiveCfg = Release|Any CPU
		{6619B42E-7960-4824-ABCB-D5D6B0DE2419}.Release|x64.Build.0 = Release|Any CPU
		{6619B42E-7960-4824-ABCB-D5D6B0DE2419}.Release|x86.ActiveCfg = Release|Any CPU
		{6619B42E-7960-4824-ABCB-D5D6B0DE2419}.Release|x86.Build.0 = Release|Any CPU
		{9587B12D-B500-46B7-918C-1CA6D12744C5}.Debug|Any CPU.ActiveCfg = Debug|Any CPU
		{9587B12D-B500-46B7-918C-1CA6D12744C5}.Debug|Any CPU.Build.0 = Debug|Any CPU
		{9587B12D-B500-46B7-918C-1CA6D12744C5}.Debug|x64.ActiveCfg = Debug|Any CPU
		{9587B12D-B500-46B7-918C-1CA6D12744C5}.Debug|x64.Build.0 = Debug|Any CPU
		{9587B12D-B500-46B7-918C-1CA6D12744C5}.Debug|x86.ActiveCfg = Debug|Any CPU
		{9587B12D-B500-46B7-918C-1CA6D12744C5}.Debug|x86.Build.0 = Debug|Any CPU
		{9587B12D-B500-46B7-918C-1CA6D12744C5}.Release|Any CPU.ActiveCfg = Release|Any CPU
		{9587B12D-B500-46B7-918C-1CA6D12744C5}.Release|Any CPU.Build.0 = Release|Any CPU
		{9587B12D-B500-46B7-918C-1CA6D12744C5}.Release|x64.ActiveCfg = Release|Any CPU
		{9587B12D-B500-46B7-918C-1CA6D12744C5}.Release|x64.Build.0 = Release|Any CPU
		{9587B12D-B500-46B7-918C-1CA6D12744C5}.Release|x86.ActiveCfg = Release|Any CPU
		{9587B12D-B500-46B7-918C-1CA6D12744C5}.Release|x86.Build.0 = Release|Any CPU
		{CDD05177-C67A-4731-A952-2A3301A8FB59}.Debug|Any CPU.ActiveCfg = Debug|Any CPU
		{CDD05177-C67A-4731-A952-2A3301A8FB59}.Debug|Any CPU.Build.0 = Debug|Any CPU
		{CDD05177-C67A-4731-A952-2A3301A8FB59}.Debug|x64.ActiveCfg = Debug|Any CPU
		{CDD05177-C67A-4731-A952-2A3301A8FB59}.Debug|x64.Build.0 = Debug|Any CPU
		{CDD05177-C67A-4731-A952-2A3301A8FB59}.Debug|x86.ActiveCfg = Debug|Any CPU
		{CDD05177-C67A-4731-A952-2A3301A8FB59}.Debug|x86.Build.0 = Debug|Any CPU
		{CDD05177-C67A-4731-A952-2A3301A8FB59}.Release|Any CPU.ActiveCfg = Release|Any CPU
		{CDD05177-C67A-4731-A952-2A3301A8FB59}.Release|Any CPU.Build.0 = Release|Any CPU
		{CDD05177-C67A-4731-A952-2A3301A8FB59}.Release|x64.ActiveCfg = Release|Any CPU
		{CDD05177-C67A-4731-A952-2A3301A8FB59}.Release|x64.Build.0 = Release|Any CPU
		{CDD05177-C67A-4731-A952-2A3301A8FB59}.Release|x86.ActiveCfg = Release|Any CPU
		{CDD05177-C67A-4731-A952-2A3301A8FB59}.Release|x86.Build.0 = Release|Any CPU
		{A5EBB9F5-327C-49A4-BBB9-805D87DA0463}.Debug|Any CPU.ActiveCfg = Debug|Any CPU
		{A5EBB9F5-327C-49A4-BBB9-805D87DA0463}.Debug|Any CPU.Build.0 = Debug|Any CPU
		{A5EBB9F5-327C-49A4-BBB9-805D87DA0463}.Debug|x64.ActiveCfg = Debug|Any CPU
		{A5EBB9F5-327C-49A4-BBB9-805D87DA0463}.Debug|x64.Build.0 = Debug|Any CPU
		{A5EBB9F5-327C-49A4-BBB9-805D87DA0463}.Debug|x86.ActiveCfg = Debug|Any CPU
		{A5EBB9F5-327C-49A4-BBB9-805D87DA0463}.Debug|x86.Build.0 = Debug|Any CPU
		{A5EBB9F5-327C-49A4-BBB9-805D87DA0463}.Release|Any CPU.ActiveCfg = Release|Any CPU
		{A5EBB9F5-327C-49A4-BBB9-805D87DA0463}.Release|Any CPU.Build.0 = Release|Any CPU
		{A5EBB9F5-327C-49A4-BBB9-805D87DA0463}.Release|x64.ActiveCfg = Release|Any CPU
		{A5EBB9F5-327C-49A4-BBB9-805D87DA0463}.Release|x64.Build.0 = Release|Any CPU
		{A5EBB9F5-327C-49A4-BBB9-805D87DA0463}.Release|x86.ActiveCfg = Release|Any CPU
		{A5EBB9F5-327C-49A4-BBB9-805D87DA0463}.Release|x86.Build.0 = Release|Any CPU
		{274CDF4D-F3B4-497B-AE41-B0C06DBE0CD0}.Debug|Any CPU.ActiveCfg = Debug|Any CPU
		{274CDF4D-F3B4-497B-AE41-B0C06DBE0CD0}.Debug|Any CPU.Build.0 = Debug|Any CPU
		{274CDF4D-F3B4-497B-AE41-B0C06DBE0CD0}.Debug|x64.ActiveCfg = Debug|Any CPU
		{274CDF4D-F3B4-497B-AE41-B0C06DBE0CD0}.Debug|x64.Build.0 = Debug|Any CPU
		{274CDF4D-F3B4-497B-AE41-B0C06DBE0CD0}.Debug|x86.ActiveCfg = Debug|Any CPU
		{274CDF4D-F3B4-497B-AE41-B0C06DBE0CD0}.Debug|x86.Build.0 = Debug|Any CPU
		{274CDF4D-F3B4-497B-AE41-B0C06DBE0CD0}.Release|Any CPU.ActiveCfg = Release|Any CPU
		{274CDF4D-F3B4-497B-AE41-B0C06DBE0CD0}.Release|Any CPU.Build.0 = Release|Any CPU
		{274CDF4D-F3B4-497B-AE41-B0C06DBE0CD0}.Release|x64.ActiveCfg = Release|Any CPU
		{274CDF4D-F3B4-497B-AE41-B0C06DBE0CD0}.Release|x64.Build.0 = Release|Any CPU
		{274CDF4D-F3B4-497B-AE41-B0C06DBE0CD0}.Release|x86.ActiveCfg = Release|Any CPU
		{274CDF4D-F3B4-497B-AE41-B0C06DBE0CD0}.Release|x86.Build.0 = Release|Any CPU
		{68520CC3-0CCB-45A7-9289-251B2D13C1FE}.Debug|Any CPU.ActiveCfg = Debug|Any CPU
		{68520CC3-0CCB-45A7-9289-251B2D13C1FE}.Debug|Any CPU.Build.0 = Debug|Any CPU
		{68520CC3-0CCB-45A7-9289-251B2D13C1FE}.Debug|x64.ActiveCfg = Debug|Any CPU
		{68520CC3-0CCB-45A7-9289-251B2D13C1FE}.Debug|x64.Build.0 = Debug|Any CPU
		{68520CC3-0CCB-45A7-9289-251B2D13C1FE}.Debug|x86.ActiveCfg = Debug|Any CPU
		{68520CC3-0CCB-45A7-9289-251B2D13C1FE}.Debug|x86.Build.0 = Debug|Any CPU
		{68520CC3-0CCB-45A7-9289-251B2D13C1FE}.Release|Any CPU.ActiveCfg = Release|Any CPU
		{68520CC3-0CCB-45A7-9289-251B2D13C1FE}.Release|Any CPU.Build.0 = Release|Any CPU
		{68520CC3-0CCB-45A7-9289-251B2D13C1FE}.Release|x64.ActiveCfg = Release|Any CPU
		{68520CC3-0CCB-45A7-9289-251B2D13C1FE}.Release|x64.Build.0 = Release|Any CPU
		{68520CC3-0CCB-45A7-9289-251B2D13C1FE}.Release|x86.ActiveCfg = Release|Any CPU
		{68520CC3-0CCB-45A7-9289-251B2D13C1FE}.Release|x86.Build.0 = Release|Any CPU
	EndGlobalSection
	GlobalSection(SolutionProperties) = preSolution
		HideSolutionNode = FALSE
	EndGlobalSection
	GlobalSection(NestedProjects) = preSolution
		{274CDF4D-F3B4-497B-AE41-B0C06DBE0CD0} = {0855686E-7B95-45D5-977B-3255DB48B90A}
		{68520CC3-0CCB-45A7-9289-251B2D13C1FE} = {0855686E-7B95-45D5-977B-3255DB48B90A}
	EndGlobalSection
EndGlobal
